// !$*UTF8*$!
{
	archiveVersion = 1;
	classes = {
	};
	objectVersion = 50;
	objects = {

/* Begin PBXBuildFile section */
		6902CE8F22633164003945E3 /* NotificationCenter.framework in Frameworks */ = {isa = PBXBuildFile; fileRef = 6902CE8E22633164003945E3 /* NotificationCenter.framework */; };
		6902CE9222633164003945E3 /* TodayViewController.swift in Sources */ = {isa = PBXBuildFile; fileRef = 6902CE9122633164003945E3 /* TodayViewController.swift */; };
		6902CE9922633164003945E3 /* TodayExtension.appex in Embed App Extensions */ = {isa = PBXBuildFile; fileRef = 6902CE8C22633164003945E3 /* TodayExtension.appex */; settings = {ATTRIBUTES = (RemoveHeadersOnCopy, ); }; };
		6902CE9E22633A86003945E3 /* DigitransitService.swift in Sources */ = {isa = PBXBuildFile; fileRef = 69BE2DFE225C78FE00B2F425 /* DigitransitService.swift */; };
		6902CEA12263673A003945E3 /* Localizable.stringsdict in Resources */ = {isa = PBXBuildFile; fileRef = 6902CEA32263673A003945E3 /* Localizable.stringsdict */; };
		6902CEA4226367FD003945E3 /* Localizable.strings in Resources */ = {isa = PBXBuildFile; fileRef = 69B16D2622624E2E0036137E /* Localizable.strings */; };
		6902CEA522636801003945E3 /* Localizable.stringsdict in Resources */ = {isa = PBXBuildFile; fileRef = 6902CEA32263673A003945E3 /* Localizable.stringsdict */; };
		69A5951A226C5EDA00894315 /* MockResponses.swift in Sources */ = {isa = PBXBuildFile; fileRef = 69A59519226C5EDA00894315 /* MockResponses.swift */; };
		69A5951D226C645000894315 /* MockResponses.swift in Sources */ = {isa = PBXBuildFile; fileRef = 69A59519226C5EDA00894315 /* MockResponses.swift */; };
		69B16D1F226247320036137E /* InfoPlist.strings in Resources */ = {isa = PBXBuildFile; fileRef = 69B16D21226247320036137E /* InfoPlist.strings */; };
		69B16D2422624E2E0036137E /* Localizable.strings in Resources */ = {isa = PBXBuildFile; fileRef = 69B16D2622624E2E0036137E /* Localizable.strings */; };
		69BE2DED225C776F00B2F425 /* AppDelegate.swift in Sources */ = {isa = PBXBuildFile; fileRef = 69BE2DEC225C776F00B2F425 /* AppDelegate.swift */; };
		69BE2DF4225C776F00B2F425 /* Assets.xcassets in Resources */ = {isa = PBXBuildFile; fileRef = 69BE2DF3225C776F00B2F425 /* Assets.xcassets */; };
		69BE2DF7225C776F00B2F425 /* LaunchScreen.storyboard in Resources */ = {isa = PBXBuildFile; fileRef = 69BE2DF5225C776F00B2F425 /* LaunchScreen.storyboard */; };
		69BE2DFF225C78FE00B2F425 /* DigitransitService.swift in Sources */ = {isa = PBXBuildFile; fileRef = 69BE2DFE225C78FE00B2F425 /* DigitransitService.swift */; };
		69BE2E01225CABE200B2F425 /* MapViewController.swift in Sources */ = {isa = PBXBuildFile; fileRef = 69BE2E00225CABE200B2F425 /* MapViewController.swift */; };
/* End PBXBuildFile section */

/* Begin PBXContainerItemProxy section */
		6902CE9722633164003945E3 /* PBXContainerItemProxy */ = {
			isa = PBXContainerItemProxy;
			containerPortal = 69BE2DE1225C776F00B2F425 /* Project object */;
			proxyType = 1;
			remoteGlobalIDString = 6902CE8B22633164003945E3;
			remoteInfo = TodayExtension;
		};
/* End PBXContainerItemProxy section */

/* Begin PBXCopyFilesBuildPhase section */
		6902CE9D22633164003945E3 /* Embed App Extensions */ = {
			isa = PBXCopyFilesBuildPhase;
			buildActionMask = 2147483647;
			dstPath = "";
			dstSubfolderSpec = 13;
			files = (
				6902CE9922633164003945E3 /* TodayExtension.appex in Embed App Extensions */,
			);
			name = "Embed App Extensions";
			runOnlyForDeploymentPostprocessing = 0;
		};
/* End PBXCopyFilesBuildPhase section */

/* Begin PBXFileReference section */
		6902CE8C22633164003945E3 /* TodayExtension.appex */ = {isa = PBXFileReference; explicitFileType = "wrapper.app-extension"; includeInIndex = 0; path = TodayExtension.appex; sourceTree = BUILT_PRODUCTS_DIR; };
		6902CE8E22633164003945E3 /* NotificationCenter.framework */ = {isa = PBXFileReference; lastKnownFileType = wrapper.framework; name = NotificationCenter.framework; path = System/Library/Frameworks/NotificationCenter.framework; sourceTree = SDKROOT; };
		6902CE9122633164003945E3 /* TodayViewController.swift */ = {isa = PBXFileReference; lastKnownFileType = sourcecode.swift; path = TodayViewController.swift; sourceTree = "<group>"; };
		6902CE9622633164003945E3 /* Info.plist */ = {isa = PBXFileReference; lastKnownFileType = text.plist.xml; path = Info.plist; sourceTree = "<group>"; };
		6902CEA22263673A003945E3 /* en */ = {isa = PBXFileReference; lastKnownFileType = text.plist.stringsdict; name = en; path = en.lproj/Localizable.stringsdict; sourceTree = "<group>"; };
		69A59519226C5EDA00894315 /* MockResponses.swift */ = {isa = PBXFileReference; lastKnownFileType = sourcecode.swift; path = MockResponses.swift; sourceTree = "<group>"; };
		69A5951C226C622600894315 /* MockLocation.gpx */ = {isa = PBXFileReference; lastKnownFileType = text.xml; path = MockLocation.gpx; sourceTree = "<group>"; };
		69B16D20226247320036137E /* en */ = {isa = PBXFileReference; lastKnownFileType = text.plist.strings; name = en; path = en.lproj/InfoPlist.strings; sourceTree = "<group>"; };
		69B16D2522624E2E0036137E /* en */ = {isa = PBXFileReference; lastKnownFileType = text.plist.strings; name = en; path = en.lproj/Localizable.strings; sourceTree = "<group>"; };
		69BE2DE9225C776F00B2F425 /* Bikes.app */ = {isa = PBXFileReference; explicitFileType = wrapper.application; includeInIndex = 0; path = Bikes.app; sourceTree = BUILT_PRODUCTS_DIR; };
		69BE2DEC225C776F00B2F425 /* AppDelegate.swift */ = {isa = PBXFileReference; lastKnownFileType = sourcecode.swift; path = AppDelegate.swift; sourceTree = "<group>"; };
		69BE2DF3225C776F00B2F425 /* Assets.xcassets */ = {isa = PBXFileReference; lastKnownFileType = folder.assetcatalog; path = Assets.xcassets; sourceTree = "<group>"; };
		69BE2DF6225C776F00B2F425 /* Base */ = {isa = PBXFileReference; lastKnownFileType = file.storyboard; name = Base; path = Base.lproj/LaunchScreen.storyboard; sourceTree = "<group>"; };
		69BE2DF8225C776F00B2F425 /* Info.plist */ = {isa = PBXFileReference; lastKnownFileType = text.plist.xml; path = Info.plist; sourceTree = "<group>"; };
		69BE2DFE225C78FE00B2F425 /* DigitransitService.swift */ = {isa = PBXFileReference; lastKnownFileType = sourcecode.swift; path = DigitransitService.swift; sourceTree = "<group>"; };
		69BE2E00225CABE200B2F425 /* MapViewController.swift */ = {isa = PBXFileReference; fileEncoding = 4; lastKnownFileType = sourcecode.swift; path = MapViewController.swift; sourceTree = "<group>"; };
/* End PBXFileReference section */

/* Begin PBXFrameworksBuildPhase section */
		6902CE8922633164003945E3 /* Frameworks */ = {
			isa = PBXFrameworksBuildPhase;
			buildActionMask = 2147483647;
			files = (
				6902CE8F22633164003945E3 /* NotificationCenter.framework in Frameworks */,
			);
			runOnlyForDeploymentPostprocessing = 0;
		};
		69BE2DE6225C776F00B2F425 /* Frameworks */ = {
			isa = PBXFrameworksBuildPhase;
			buildActionMask = 2147483647;
			files = (
			);
			runOnlyForDeploymentPostprocessing = 0;
		};
/* End PBXFrameworksBuildPhase section */

/* Begin PBXGroup section */
		6902CE8D22633164003945E3 /* Frameworks */ = {
			isa = PBXGroup;
			children = (
				6902CE8E22633164003945E3 /* NotificationCenter.framework */,
			);
			name = Frameworks;
			sourceTree = "<group>";
		};
		6902CE9022633164003945E3 /* TodayExtension */ = {
			isa = PBXGroup;
			children = (
				6902CE9122633164003945E3 /* TodayViewController.swift */,
				6902CE9622633164003945E3 /* Info.plist */,
			);
			path = TodayExtension;
			sourceTree = "<group>";
		};
		69BE2DE0225C776F00B2F425 = {
			isa = PBXGroup;
			children = (
				69BE2DEB225C776F00B2F425 /* Bikes */,
				6902CE9022633164003945E3 /* TodayExtension */,
				6902CE8D22633164003945E3 /* Frameworks */,
				69BE2DEA225C776F00B2F425 /* Products */,
			);
			sourceTree = "<group>";
		};
		69BE2DEA225C776F00B2F425 /* Products */ = {
			isa = PBXGroup;
			children = (
				69BE2DE9225C776F00B2F425 /* Bikes.app */,
				6902CE8C22633164003945E3 /* TodayExtension.appex */,
			);
			name = Products;
			sourceTree = "<group>";
		};
		69BE2DEB225C776F00B2F425 /* Bikes */ = {
			isa = PBXGroup;
			children = (
				69BE2DEC225C776F00B2F425 /* AppDelegate.swift */,
				69BE2E00225CABE200B2F425 /* MapViewController.swift */,
				69BE2DFE225C78FE00B2F425 /* DigitransitService.swift */,
				69A59519226C5EDA00894315 /* MockResponses.swift */,
				69A5951C226C622600894315 /* MockLocation.gpx */,
				69BE2DF3225C776F00B2F425 /* Assets.xcassets */,
				69BE2DF5225C776F00B2F425 /* LaunchScreen.storyboard */,
				69BE2DF8225C776F00B2F425 /* Info.plist */,
				69B16D21226247320036137E /* InfoPlist.strings */,
				69B16D2622624E2E0036137E /* Localizable.strings */,
				6902CEA32263673A003945E3 /* Localizable.stringsdict */,
			);
			path = Bikes;
			sourceTree = "<group>";
		};
/* End PBXGroup section */

/* Begin PBXNativeTarget section */
		6902CE8B22633164003945E3 /* TodayExtension */ = {
			isa = PBXNativeTarget;
			buildConfigurationList = 6902CE9C22633164003945E3 /* Build configuration list for PBXNativeTarget "TodayExtension" */;
			buildPhases = (
				6902CE8822633164003945E3 /* Sources */,
				6902CE8922633164003945E3 /* Frameworks */,
				6902CE8A22633164003945E3 /* Resources */,
			);
			buildRules = (
			);
			dependencies = (
			);
			name = TodayExtension;
			productName = TodayExtension;
			productReference = 6902CE8C22633164003945E3 /* TodayExtension.appex */;
			productType = "com.apple.product-type.app-extension";
		};
		69BE2DE8225C776F00B2F425 /* Bikes */ = {
			isa = PBXNativeTarget;
			buildConfigurationList = 69BE2DFB225C776F00B2F425 /* Build configuration list for PBXNativeTarget "Bikes" */;
			buildPhases = (
				69BE2DE5225C776F00B2F425 /* Sources */,
				69BE2DE6225C776F00B2F425 /* Frameworks */,
				69BE2DE7225C776F00B2F425 /* Resources */,
				6902CE9D22633164003945E3 /* Embed App Extensions */,
			);
			buildRules = (
			);
			dependencies = (
				6902CE9822633164003945E3 /* PBXTargetDependency */,
			);
			name = Bikes;
			productName = Bikes;
			productReference = 69BE2DE9225C776F00B2F425 /* Bikes.app */;
			productType = "com.apple.product-type.application";
		};
/* End PBXNativeTarget section */

/* Begin PBXProject section */
		69BE2DE1225C776F00B2F425 /* Project object */ = {
			isa = PBXProject;
			attributes = {
				LastSwiftUpdateCheck = 1020;
				LastUpgradeCheck = 1020;
				ORGANIZATIONNAME = Manav;
				TargetAttributes = {
					6902CE8B22633164003945E3 = {
						CreatedOnToolsVersion = 10.2;
					};
					69BE2DE8225C776F00B2F425 = {
						CreatedOnToolsVersion = 10.2;
					};
				};
			};
			buildConfigurationList = 69BE2DE4225C776F00B2F425 /* Build configuration list for PBXProject "Bikes" */;
			compatibilityVersion = "Xcode 9.3";
			developmentRegion = en;
			hasScannedForEncodings = 0;
			knownRegions = (
				en,
				Base,
			);
			mainGroup = 69BE2DE0225C776F00B2F425;
			productRefGroup = 69BE2DEA225C776F00B2F425 /* Products */;
			projectDirPath = "";
			projectRoot = "";
			targets = (
				69BE2DE8225C776F00B2F425 /* Bikes */,
				6902CE8B22633164003945E3 /* TodayExtension */,
			);
		};
/* End PBXProject section */

/* Begin PBXResourcesBuildPhase section */
		6902CE8A22633164003945E3 /* Resources */ = {
			isa = PBXResourcesBuildPhase;
			buildActionMask = 2147483647;
			files = (
				6902CEA4226367FD003945E3 /* Localizable.strings in Resources */,
				6902CEA522636801003945E3 /* Localizable.stringsdict in Resources */,
			);
			runOnlyForDeploymentPostprocessing = 0;
		};
		69BE2DE7225C776F00B2F425 /* Resources */ = {
			isa = PBXResourcesBuildPhase;
			buildActionMask = 2147483647;
			files = (
				69BE2DF7225C776F00B2F425 /* LaunchScreen.storyboard in Resources */,
				69B16D2422624E2E0036137E /* Localizable.strings in Resources */,
				69B16D1F226247320036137E /* InfoPlist.strings in Resources */,
				6902CEA12263673A003945E3 /* Localizable.stringsdict in Resources */,
				69BE2DF4225C776F00B2F425 /* Assets.xcassets in Resources */,
			);
			runOnlyForDeploymentPostprocessing = 0;
		};
/* End PBXResourcesBuildPhase section */

/* Begin PBXSourcesBuildPhase section */
		6902CE8822633164003945E3 /* Sources */ = {
			isa = PBXSourcesBuildPhase;
			buildActionMask = 2147483647;
			files = (
				6902CE9E22633A86003945E3 /* DigitransitService.swift in Sources */,
				6902CE9222633164003945E3 /* TodayViewController.swift in Sources */,
				69A5951D226C645000894315 /* MockResponses.swift in Sources */,
			);
			runOnlyForDeploymentPostprocessing = 0;
		};
		69BE2DE5225C776F00B2F425 /* Sources */ = {
			isa = PBXSourcesBuildPhase;
			buildActionMask = 2147483647;
			files = (
				69BE2DFF225C78FE00B2F425 /* DigitransitService.swift in Sources */,
				69BE2E01225CABE200B2F425 /* MapViewController.swift in Sources */,
				69A5951A226C5EDA00894315 /* MockResponses.swift in Sources */,
				69BE2DED225C776F00B2F425 /* AppDelegate.swift in Sources */,
			);
			runOnlyForDeploymentPostprocessing = 0;
		};
/* End PBXSourcesBuildPhase section */

/* Begin PBXTargetDependency section */
		6902CE9822633164003945E3 /* PBXTargetDependency */ = {
			isa = PBXTargetDependency;
			target = 6902CE8B22633164003945E3 /* TodayExtension */;
			targetProxy = 6902CE9722633164003945E3 /* PBXContainerItemProxy */;
		};
/* End PBXTargetDependency section */

/* Begin PBXVariantGroup section */
		6902CEA32263673A003945E3 /* Localizable.stringsdict */ = {
			isa = PBXVariantGroup;
			children = (
				6902CEA22263673A003945E3 /* en */,
			);
			name = Localizable.stringsdict;
			sourceTree = "<group>";
		};
		69B16D21226247320036137E /* InfoPlist.strings */ = {
			isa = PBXVariantGroup;
			children = (
				69B16D20226247320036137E /* en */,
			);
			name = InfoPlist.strings;
			sourceTree = "<group>";
		};
		69B16D2622624E2E0036137E /* Localizable.strings */ = {
			isa = PBXVariantGroup;
			children = (
				69B16D2522624E2E0036137E /* en */,
			);
			name = Localizable.strings;
			sourceTree = "<group>";
		};
		69BE2DF5225C776F00B2F425 /* LaunchScreen.storyboard */ = {
			isa = PBXVariantGroup;
			children = (
				69BE2DF6225C776F00B2F425 /* Base */,
			);
			name = LaunchScreen.storyboard;
			sourceTree = "<group>";
		};
/* End PBXVariantGroup section */

/* Begin XCBuildConfiguration section */
		6902CE9A22633164003945E3 /* Debug */ = {
			isa = XCBuildConfiguration;
			buildSettings = {
				CODE_SIGN_STYLE = Automatic;
				DEVELOPMENT_TEAM = 4682UAMU7T;
				INFOPLIST_FILE = TodayExtension/Info.plist;
				LD_RUNPATH_SEARCH_PATHS = (
					"$(inherited)",
					"@executable_path/Frameworks",
					"@executable_path/../../Frameworks",
				);
				PRODUCT_BUNDLE_IDENTIFIER = com.github.mnvr.bikes.TodayExtension;
				PRODUCT_NAME = "$(TARGET_NAME)";
				SKIP_INSTALL = YES;
				SWIFT_VERSION = 5.0;
				TARGETED_DEVICE_FAMILY = 1;
			};
			name = Debug;
		};
		6902CE9B22633164003945E3 /* Release */ = {
			isa = XCBuildConfiguration;
			buildSettings = {
				CODE_SIGN_STYLE = Automatic;
				DEVELOPMENT_TEAM = 4682UAMU7T;
				INFOPLIST_FILE = TodayExtension/Info.plist;
				LD_RUNPATH_SEARCH_PATHS = (
					"$(inherited)",
					"@executable_path/Frameworks",
					"@executable_path/../../Frameworks",
				);
				PRODUCT_BUNDLE_IDENTIFIER = com.github.mnvr.bikes.TodayExtension;
				PRODUCT_NAME = "$(TARGET_NAME)";
				SKIP_INSTALL = YES;
				SWIFT_VERSION = 5.0;
				TARGETED_DEVICE_FAMILY = 1;
			};
			name = Release;
		};
		69BE2DF9225C776F00B2F425 /* Debug */ = {
			isa = XCBuildConfiguration;
			buildSettings = {
				ALWAYS_SEARCH_USER_PATHS = NO;
				CLANG_ANALYZER_NONNULL = YES;
				CLANG_ANALYZER_NUMBER_OBJECT_CONVERSION = YES_AGGRESSIVE;
				CLANG_CXX_LANGUAGE_STANDARD = "gnu++14";
				CLANG_CXX_LIBRARY = "libc++";
				CLANG_ENABLE_MODULES = YES;
				CLANG_ENABLE_OBJC_ARC = YES;
				CLANG_ENABLE_OBJC_WEAK = YES;
				CLANG_WARN_BLOCK_CAPTURE_AUTORELEASING = YES;
				CLANG_WARN_BOOL_CONVERSION = YES;
				CLANG_WARN_COMMA = YES;
				CLANG_WARN_CONSTANT_CONVERSION = YES;
				CLANG_WARN_DEPRECATED_OBJC_IMPLEMENTATIONS = YES;
				CLANG_WARN_DIRECT_OBJC_ISA_USAGE = YES_ERROR;
				CLANG_WARN_DOCUMENTATION_COMMENTS = YES;
				CLANG_WARN_EMPTY_BODY = YES;
				CLANG_WARN_ENUM_CONVERSION = YES;
				CLANG_WARN_INFINITE_RECURSION = YES;
				CLANG_WARN_INT_CONVERSION = YES;
				CLANG_WARN_NON_LITERAL_NULL_CONVERSION = YES;
				CLANG_WARN_OBJC_IMPLICIT_RETAIN_SELF = YES;
				CLANG_WARN_OBJC_LITERAL_CONVERSION = YES;
				CLANG_WARN_OBJC_ROOT_CLASS = YES_ERROR;
				CLANG_WARN_RANGE_LOOP_ANALYSIS = YES;
				CLANG_WARN_STRICT_PROTOTYPES = YES;
				CLANG_WARN_SUSPICIOUS_MOVE = YES;
				CLANG_WARN_UNGUARDED_AVAILABILITY = YES_AGGRESSIVE;
				CLANG_WARN_UNREACHABLE_CODE = YES;
				CLANG_WARN__DUPLICATE_METHOD_MATCH = YES;
				CODE_SIGN_IDENTITY = "iPhone Developer";
				COPY_PHASE_STRIP = NO;
				DEBUG_INFORMATION_FORMAT = dwarf;
				ENABLE_STRICT_OBJC_MSGSEND = YES;
				ENABLE_TESTABILITY = YES;
				GCC_C_LANGUAGE_STANDARD = gnu11;
				GCC_DYNAMIC_NO_PIC = NO;
				GCC_NO_COMMON_BLOCKS = YES;
				GCC_OPTIMIZATION_LEVEL = 0;
				GCC_PREPROCESSOR_DEFINITIONS = (
					"DEBUG=1",
					"$(inherited)",
				);
				GCC_WARN_64_TO_32_BIT_CONVERSION = YES;
				GCC_WARN_ABOUT_RETURN_TYPE = YES_ERROR;
				GCC_WARN_UNDECLARED_SELECTOR = YES;
				GCC_WARN_UNINITIALIZED_AUTOS = YES_AGGRESSIVE;
				GCC_WARN_UNUSED_FUNCTION = YES;
				GCC_WARN_UNUSED_VARIABLE = YES;
				IPHONEOS_DEPLOYMENT_TARGET = 11.0;
				MTL_ENABLE_DEBUG_INFO = INCLUDE_SOURCE;
				MTL_FAST_MATH = YES;
				ONLY_ACTIVE_ARCH = YES;
				SDKROOT = iphoneos;
				SWIFT_ACTIVE_COMPILATION_CONDITIONS = DEBUG;
				SWIFT_OPTIMIZATION_LEVEL = "-Onone";
			};
			name = Debug;
		};
		69BE2DFA225C776F00B2F425 /* Release */ = {
			isa = XCBuildConfiguration;
			buildSettings = {
				ALWAYS_SEARCH_USER_PATHS = NO;
				CLANG_ANALYZER_NONNULL = YES;
				CLANG_ANALYZER_NUMBER_OBJECT_CONVERSION = YES_AGGRESSIVE;
				CLANG_CXX_LANGUAGE_STANDARD = "gnu++14";
				CLANG_CXX_LIBRARY = "libc++";
				CLANG_ENABLE_MODULES = YES;
				CLANG_ENABLE_OBJC_ARC = YES;
				CLANG_ENABLE_OBJC_WEAK = YES;
				CLANG_WARN_BLOCK_CAPTURE_AUTORELEASING = YES;
				CLANG_WARN_BOOL_CONVERSION = YES;
				CLANG_WARN_COMMA = YES;
				CLANG_WARN_CONSTANT_CONVERSION = YES;
				CLANG_WARN_DEPRECATED_OBJC_IMPLEMENTATIONS = YES;
				CLANG_WARN_DIRECT_OBJC_ISA_USAGE = YES_ERROR;
				CLANG_WARN_DOCUMENTATION_COMMENTS = YES;
				CLANG_WARN_EMPTY_BODY = YES;
				CLANG_WARN_ENUM_CONVERSION = YES;
				CLANG_WARN_INFINITE_RECURSION = YES;
				CLANG_WARN_INT_CONVERSION = YES;
				CLANG_WARN_NON_LITERAL_NULL_CONVERSION = YES;
				CLANG_WARN_OBJC_IMPLICIT_RETAIN_SELF = YES;
				CLANG_WARN_OBJC_LITERAL_CONVERSION = YES;
				CLANG_WARN_OBJC_ROOT_CLASS = YES_ERROR;
				CLANG_WARN_RANGE_LOOP_ANALYSIS = YES;
				CLANG_WARN_STRICT_PROTOTYPES = YES;
				CLANG_WARN_SUSPICIOUS_MOVE = YES;
				CLANG_WARN_UNGUARDED_AVAILABILITY = YES_AGGRESSIVE;
				CLANG_WARN_UNREACHABLE_CODE = YES;
				CLANG_WARN__DUPLICATE_METHOD_MATCH = YES;
				CODE_SIGN_IDENTITY = "iPhone Developer";
				COPY_PHASE_STRIP = NO;
				DEBUG_INFORMATION_FORMAT = "dwarf-with-dsym";
				ENABLE_NS_ASSERTIONS = NO;
				ENABLE_STRICT_OBJC_MSGSEND = YES;
				GCC_C_LANGUAGE_STANDARD = gnu11;
				GCC_NO_COMMON_BLOCKS = YES;
				GCC_WARN_64_TO_32_BIT_CONVERSION = YES;
				GCC_WARN_ABOUT_RETURN_TYPE = YES_ERROR;
				GCC_WARN_UNDECLARED_SELECTOR = YES;
				GCC_WARN_UNINITIALIZED_AUTOS = YES_AGGRESSIVE;
				GCC_WARN_UNUSED_FUNCTION = YES;
				GCC_WARN_UNUSED_VARIABLE = YES;
				IPHONEOS_DEPLOYMENT_TARGET = 11.0;
				MTL_ENABLE_DEBUG_INFO = NO;
				MTL_FAST_MATH = YES;
				SDKROOT = iphoneos;
				SWIFT_COMPILATION_MODE = wholemodule;
				SWIFT_OPTIMIZATION_LEVEL = "-O";
				VALIDATE_PRODUCT = YES;
			};
			name = Release;
		};
		69BE2DFC225C776F00B2F425 /* Debug */ = {
			isa = XCBuildConfiguration;
			buildSettings = {
				ALWAYS_EMBED_SWIFT_STANDARD_LIBRARIES = YES;
				ASSETCATALOG_COMPILER_APPICON_NAME = AppIcon;
				CODE_SIGN_STYLE = Automatic;
				DEVELOPMENT_TEAM = 4682UAMU7T;
				INFOPLIST_FILE = Bikes/Info.plist;
				LD_RUNPATH_SEARCH_PATHS = (
					"$(inherited)",
					"@executable_path/Frameworks",
				);
				PRODUCT_BUNDLE_IDENTIFIER = com.github.mnvr.bikes;
				PRODUCT_NAME = "$(TARGET_NAME)";
				SWIFT_VERSION = 5.0;
				TARGETED_DEVICE_FAMILY = 1;
			};
			name = Debug;
		};
		69BE2DFD225C776F00B2F425 /* Release */ = {
			isa = XCBuildConfiguration;
			buildSettings = {
				ALWAYS_EMBED_SWIFT_STANDARD_LIBRARIES = YES;
				ASSETCATALOG_COMPILER_APPICON_NAME = AppIcon;
				CODE_SIGN_STYLE = Automatic;
				DEVELOPMENT_TEAM = 4682UAMU7T;
				INFOPLIST_FILE = Bikes/Info.plist;
				LD_RUNPATH_SEARCH_PATHS = (
					"$(inherited)",
					"@executable_path/Frameworks",
				);
				PRODUCT_BUNDLE_IDENTIFIER = com.github.mnvr.bikes;
				PRODUCT_NAME = "$(TARGET_NAME)";
				SWIFT_VERSION = 5.0;
				TARGETED_DEVICE_FAMILY = 1;
			};
			name = Release;
		};
/* End XCBuildConfiguration section */

/* Begin XCConfigurationList section */
		6902CE9C22633164003945E3 /* Build configuration list for PBXNativeTarget "TodayExtension" */ = {
			isa = XCConfigurationList;
			buildConfigurations = (
				6902CE9A22633164003945E3 /* Debug */,
				6902CE9B22633164003945E3 /* Release */,
			);
			defaultConfigurationIsVisible = 0;
			defaultConfigurationName = Release;
		};
		69BE2DE4225C776F00B2F425 /* Build configuration list for PBXProject "Bikes" */ = {
			isa = XCConfigurationList;
			buildConfigurations = (
				69BE2DF9225C776F00B2F425 /* Debug */,
				69BE2DFA225C776F00B2F425 /* Release */,
			);
			defaultConfigurationIsVisible = 0;
			defaultConfigurationName = Release;
		};
		69BE2DFB225C776F00B2F425 /* Build configuration list for PBXNativeTarget "Bikes" */ = {
			isa = XCConfigurationList;
			buildConfigurations = (
				69BE2DFC225C776F00B2F425 /* Debug */,
				69BE2DFD225C776F00B2F425 /* Release */,
			);
			defaultConfigurationIsVisible = 0;
			defaultConfigurationName = Release;
		};
/* End XCConfigurationList section */
	};
	rootObject = 69BE2DE1225C776F00B2F425 /* Project object */;
}
